
Microsoft Visual Studio Solution File, Format Version 12.00
Project("{FAE04EC0-301F-11D3-BF4B-00C04F79EFBC}") = "BankSystem", "BankSystem\BankSystem.csproj", "{8F8CD766-40EC-48CD-8309-B4401AE405CF}"
EndProject
Global
	GlobalSection(SolutionConfigurationPlatforms) = preSolution
		Debug|Any CPU = Debug|Any CPU
		Release|Any CPU = Release|Any CPU
	EndGlobalSection
	GlobalSection(ProjectConfigurationPlatforms) = postSolution
		{8F8CD766-40EC-48CD-8309-B4401AE405CF}.Debug|Any CPU.ActiveCfg = Debug|Any CPU
		{8F8CD766-40EC-48CD-8309-B4401AE405CF}.Debug|Any CPU.Build.0 = Debug|Any CPU
		{8F8CD766-40EC-48CD-8309-B4401AE405CF}.Release|Any CPU.ActiveCfg = Release|Any CPU
		{8F8CD766-40EC-48CD-8309-B4401AE405CF}.Release|Any CPU.Build.0 = Release|Any CPU
	EndGlobalSection
EndGlobal
