
Microsoft Visual Studio Solution File, Format Version 12.00
Project("{FAE04EC0-301F-11D3-BF4B-00C04F79EFBC}") = "LinqAssignment1", "LinqAssignment1\LinqAssignment1.csproj", "{580F5ECB-CA04-4FE1-AA46-AC2C6513C14E}"
EndProject
Global
	GlobalSection(SolutionConfigurationPlatforms) = preSolution
		Debug|Any CPU = Debug|Any CPU
		Release|Any CPU = Release|Any CPU
	EndGlobalSection
	GlobalSection(ProjectConfigurationPlatforms) = postSolution
		{580F5ECB-CA04-4FE1-AA46-AC2C6513C14E}.Debug|Any CPU.ActiveCfg = Debug|Any CPU
		{580F5ECB-CA04-4FE1-AA46-AC2C6513C14E}.Debug|Any CPU.Build.0 = Debug|Any CPU
		{580F5ECB-CA04-4FE1-AA46-AC2C6513C14E}.Release|Any CPU.ActiveCfg = Release|Any CPU
		{580F5ECB-CA04-4FE1-AA46-AC2C6513C14E}.Release|Any CPU.Build.0 = Release|Any CPU
	EndGlobalSection
EndGlobal
